dependencies:
- name: Supermq
  repository: https://absmach.github.io/supermq-devops/
  version: 0.16.5
- name: postgresql
  repository: https://charts.bitnami.com/bitnami
  version: 15.2.10
- name: postgresql
  repository: https://charts.bitnami.com/bitnami
  version: 15.2.10
- name: postgresql
  repository: https://charts.bitnami.com/bitnami
  version: 15.2.10
- name: postgresql
  repository: https://charts.bitnami.com/bitnami
  version: 15.2.10
digest: sha256:ea830dd2dbe4d844708fd35363b3a2f0fdbe4bb36f4191cbc4585998b18ab4f5
generated: "2025-03-19T15:34:47.312815503+03:00"
