dependencies:
- name: Supermq
  repository: https://absmach.github.io/supermq-devops/
  version: 0.16.5
- name: postgresql
  repository: https://charts.bitnami.com/bitnami
  version: 15.2.10
- name: postgresql
  repository: https://charts.bitnami.com/bitnami
  version: 15.2.10
- name: postgresql
  repository: https://charts.bitnami.com/bitnami
  version: 15.2.10
- name: postgresql
  repository: https://charts.bitnami.com/bitnami
  version: 15.2.10
digest: sha256:591e0c86868e802aec39825373a8a45343e22d42e123fc6ad2c11e427d01da77
generated: "2025-03-21T15:02:41.875327523+05:30"
